
Microsoft Visual Studio Solution File, Format Version 12.00
# Visual Studio 14
VisualStudioVersion = 14.0.25420.1
MinimumVisualStudioVersion = 10.0.40219.1
Project("{FAE04EC0-301F-11D3-BF4B-00C04F79EFBC}") = "GmailDemo", "GmailDemo\GmailDemo.csproj", "{22C04DD4-BFA9-4A1E-A9A3-A1C31FDB0E7F}"
EndProject
Project("{FAE04EC0-301F-11D3-BF4B-00C04F79EFBC}") = "GUX", "GUX\GUX.csproj", "{C2DC64CA-5471-4923-A609-3B2D2D9A159F}"
EndProject
Project("{FAE04EC0-301F-11D3-BF4B-00C04F79EFBC}") = "AppiumHelper", "AppiumHelper\AppiumHelper.csproj", "{DDCDFD8B-D618-4692-B3FE-2677360E9C25}"
EndProject
Global
	GlobalSection(SolutionConfigurationPlatforms) = preSolution
		Debug|Any CPU = Debug|Any CPU
		Release|Any CPU = Release|Any CPU
	EndGlobalSection
	GlobalSection(ProjectConfigurationPlatforms) = postSolution
		{22C04DD4-BFA9-4A1E-A9A3-A1C31FDB0E7F}.Debug|Any CPU.ActiveCfg = Debug|Any CPU
		{22C04DD4-BFA9-4A1E-A9A3-A1C31FDB0E7F}.Debug|Any CPU.Build.0 = Debug|Any CPU
		{22C04DD4-BFA9-4A1E-A9A3-A1C31FDB0E7F}.Release|Any CPU.ActiveCfg = Release|Any CPU
		{22C04DD4-BFA9-4A1E-A9A3-A1C31FDB0E7F}.Release|Any CPU.Build.0 = Release|Any CPU
		{C2DC64CA-5471-4923-A609-3B2D2D9A159F}.Debug|Any CPU.ActiveCfg = Debug|Any CPU
		{C2DC64CA-5471-4923-A609-3B2D2D9A159F}.Debug|Any CPU.Build.0 = Debug|Any CPU
		{C2DC64CA-5471-4923-A609-3B2D2D9A159F}.Release|Any CPU.ActiveCfg = Release|Any CPU
		{C2DC64CA-5471-4923-A609-3B2D2D9A159F}.Release|Any CPU.Build.0 = Release|Any CPU
		{DDCDFD8B-D618-4692-B3FE-2677360E9C25}.Debug|Any CPU.ActiveCfg = Debug|Any CPU
		{DDCDFD8B-D618-4692-B3FE-2677360E9C25}.Debug|Any CPU.Build.0 = Debug|Any CPU
		{DDCDFD8B-D618-4692-B3FE-2677360E9C25}.Release|Any CPU.ActiveCfg = Release|Any CPU
		{DDCDFD8B-D618-4692-B3FE-2677360E9C25}.Release|Any CPU.Build.0 = Release|Any CPU
	EndGlobalSection
	GlobalSection(SolutionProperties) = preSolution
		HideSolutionNode = FALSE
	EndGlobalSection
EndGlobal
